
Microsoft Visual Studio Solution File, Format Version 12.00
# Visual Studio Version 17
VisualStudioVersion = 17.9.34728.123
MinimumVisualStudioVersion = 10.0.40219.1
Project("{9A19103F-16F7-4668-BE54-9A1E7A4F7556}") = "Flota_Vehicular", "Flota_Vehicular.csproj", "{AC96CA5B-4160-4CB1-AC00-2D6CCE574F93}"
EndProject
Global
	GlobalSection(SolutionConfigurationPlatforms) = preSolution
		Debug|Any CPU = Debug|Any CPU
		Release|Any CPU = Release|Any CPU
	EndGlobalSection
	GlobalSection(ProjectConfigurationPlatforms) = postSolution
		{AC96CA5B-4160-4CB1-AC00-2D6CCE574F93}.Debug|Any CPU.ActiveCfg = Debug|Any CPU
		{AC96CA5B-4160-4CB1-AC00-2D6CCE574F93}.Debug|Any CPU.Build.0 = Debug|Any CPU
		{AC96CA5B-4160-4CB1-AC00-2D6CCE574F93}.Release|Any CPU.ActiveCfg = Release|Any CPU
		{AC96CA5B-4160-4CB1-AC00-2D6CCE574F93}.Release|Any CPU.Build.0 = Release|Any CPU
	EndGlobalSection
	GlobalSection(SolutionProperties) = preSolution
		HideSolutionNode = FALSE
	EndGlobalSection
	GlobalSection(ExtensibilityGlobals) = postSolution
		SolutionGuid = {14B515AB-1E79-41E5-9474-3CFD8BE8E9D4}
	EndGlobalSection
EndGlobal
